// !$*UTF8*$!
{
	archiveVersion = 1;
	classes = {
	};
	objectVersion = 48;
	objects = {

/* Begin PBXBuildFile section */
		3A04604F2067F245003CFA6F /* NotificationCenter.swift in Sources */ = {isa = PBXBuildFile; fileRef = 3A04604E2067F245003CFA6F /* NotificationCenter.swift */; };
		3A16691B20F8DA0900A72A4E /* MasterController.swift in Sources */ = {isa = PBXBuildFile; fileRef = 3A16691A20F8DA0900A72A4E /* MasterController.swift */; };
		3A27F1F5208527D800312970 /* SubscriptionChangesDelegate.swift in Sources */ = {isa = PBXBuildFile; fileRef = 3A27F1F4208527D800312970 /* SubscriptionChangesDelegate.swift */; };
		3A29A02221695766005456E0 /* ShowNotestController.swift in Sources */ = {isa = PBXBuildFile; fileRef = 3A29A02121695766005456E0 /* ShowNotestController.swift */; };
		3A3C8AC820421D8D004DF47D /* EpisodesCell.swift in Sources */ = {isa = PBXBuildFile; fileRef = 3A3C8AC720421D8D004DF47D /* EpisodesCell.swift */; };
		3A3F8E0820760C2E00F9EFC1 /* IBMPlexSans-Text.ttf in Resources */ = {isa = PBXBuildFile; fileRef = 3A3F8DF820760C2E00F9EFC1 /* IBMPlexSans-Text.ttf */; };
		3A3F8E0920760C2E00F9EFC1 /* IBMPlexSans-SemiBoldItalic.ttf in Resources */ = {isa = PBXBuildFile; fileRef = 3A3F8DF920760C2E00F9EFC1 /* IBMPlexSans-SemiBoldItalic.ttf */; };
		3A3F8E0A20760C2E00F9EFC1 /* IBMPlexSans-Medium.ttf in Resources */ = {isa = PBXBuildFile; fileRef = 3A3F8DFA20760C2E00F9EFC1 /* IBMPlexSans-Medium.ttf */; };
		3A3F8E0B20760C2E00F9EFC1 /* IBMPlexSans-TextItalic.ttf in Resources */ = {isa = PBXBuildFile; fileRef = 3A3F8DFB20760C2E00F9EFC1 /* IBMPlexSans-TextItalic.ttf */; };
		3A3F8E0C20760C2E00F9EFC1 /* IBMPlexSans-SemiBold.ttf in Resources */ = {isa = PBXBuildFile; fileRef = 3A3F8DFC20760C2E00F9EFC1 /* IBMPlexSans-SemiBold.ttf */; };
		3A3F8E0D20760C2E00F9EFC1 /* IBMPlexSans-MediumItalic.ttf in Resources */ = {isa = PBXBuildFile; fileRef = 3A3F8DFD20760C2E00F9EFC1 /* IBMPlexSans-MediumItalic.ttf */; };
		3A3F8E0E20760C2E00F9EFC1 /* IBMPlexSans-LightItalic.ttf in Resources */ = {isa = PBXBuildFile; fileRef = 3A3F8DFE20760C2E00F9EFC1 /* IBMPlexSans-LightItalic.ttf */; };
		3A3F8E0F20760C2E00F9EFC1 /* IBMPlexSans-ExtraLight.ttf in Resources */ = {isa = PBXBuildFile; fileRef = 3A3F8DFF20760C2E00F9EFC1 /* IBMPlexSans-ExtraLight.ttf */; };
		3A3F8E1020760C2E00F9EFC1 /* IBMPlexSans-Thin.ttf in Resources */ = {isa = PBXBuildFile; fileRef = 3A3F8E0020760C2E00F9EFC1 /* IBMPlexSans-Thin.ttf */; };
		3A3F8E1120760C2E00F9EFC1 /* IBMPlexSans-ThinItalic.ttf in Resources */ = {isa = PBXBuildFile; fileRef = 3A3F8E0120760C2E00F9EFC1 /* IBMPlexSans-ThinItalic.ttf */; };
		3A3F8E1220760C2E00F9EFC1 /* IBMPlexSans-BoldItalic.ttf in Resources */ = {isa = PBXBuildFile; fileRef = 3A3F8E0220760C2E00F9EFC1 /* IBMPlexSans-BoldItalic.ttf */; };
		3A3F8E1320760C2E00F9EFC1 /* IBMPlexSans-Light.ttf in Resources */ = {isa = PBXBuildFile; fileRef = 3A3F8E0320760C2E00F9EFC1 /* IBMPlexSans-Light.ttf */; };
		3A3F8E1420760C2E00F9EFC1 /* IBMPlexSans-Italic.ttf in Resources */ = {isa = PBXBuildFile; fileRef = 3A3F8E0420760C2E00F9EFC1 /* IBMPlexSans-Italic.ttf */; };
		3A3F8E1620760C2E00F9EFC1 /* IBMPlexSans-ExtraLightItalic.ttf in Resources */ = {isa = PBXBuildFile; fileRef = 3A3F8E0620760C2E00F9EFC1 /* IBMPlexSans-ExtraLightItalic.ttf */; };
		3A3F8E1720760C2E00F9EFC1 /* IBMPlexSans-Bold.ttf in Resources */ = {isa = PBXBuildFile; fileRef = 3A3F8E0720760C2E00F9EFC1 /* IBMPlexSans-Bold.ttf */; };
		3A3F8E1B207626B000F9EFC1 /* CamphorPro-Regular.ttf in Resources */ = {isa = PBXBuildFile; fileRef = 3A3F8E192076262100F9EFC1 /* CamphorPro-Regular.ttf */; };
		3A3F8E1D207626FE00F9EFC1 /* CamphorPro-Bold.ttf in Resources */ = {isa = PBXBuildFile; fileRef = 3A3F8E1C207626FE00F9EFC1 /* CamphorPro-Bold.ttf */; };
		3A4BBE412160E04B000CAE56 /* CloudKit.framework in Frameworks */ = {isa = PBXBuildFile; fileRef = 3A4BBE402160E04B000CAE56 /* CloudKit.framework */; };
		3A621D09206BA4A400852F2A /* Kaffe.c in Sources */ = {isa = PBXBuildFile; fileRef = 3A621D08206BA4A400852F2A /* Kaffe.c */; };
		3A77DD2F20920F650010964F /* MNAVChapterReader.m in Sources */ = {isa = PBXBuildFile; fileRef = 3A77DD2D20920F650010964F /* MNAVChapterReader.m */; };
		3A7B6EF4206BC23900383659 /* Alamofire.framework in Embed Frameworks */ = {isa = PBXBuildFile; fileRef = 3A7B6EF1206BC22E00383659 /* Alamofire.framework */; settings = {ATTRIBUTES = (CodeSignOnCopy, RemoveHeadersOnCopy, ); }; };
		3A7B6EF6206BC23900383659 /* FeedKit.framework in Embed Frameworks */ = {isa = PBXBuildFile; fileRef = 3A7B6EED206BC20D00383659 /* FeedKit.framework */; settings = {ATTRIBUTES = (CodeSignOnCopy, RemoveHeadersOnCopy, ); }; };
		3A7ED4A42066F8BC009823B9 /* PodcastController+TableView.swift in Sources */ = {isa = PBXBuildFile; fileRef = 3A7ED4A32066F8BC009823B9 /* PodcastController+TableView.swift */; };
		3A9045B02135BA1100BBAE94 /* String.swift in Sources */ = {isa = PBXBuildFile; fileRef = 3A9045AF2135BA1100BBAE94 /* String.swift */; };
		3AA17A43203CA77E00C0F4D8 /* Podcast.swift in Sources */ = {isa = PBXBuildFile; fileRef = 3AA17A42203CA77E00C0F4D8 /* Podcast.swift */; };
		3AB87DA7210B36FC0058B75B /* TabBarController.swift in Sources */ = {isa = PBXBuildFile; fileRef = 3AB87DA6210B36FC0058B75B /* TabBarController.swift */; };
		3ABED389203CB56E0057AE87 /* SearchCell.swift in Sources */ = {isa = PBXBuildFile; fileRef = 3ABED388203CB56E0057AE87 /* SearchCell.swift */; };
		3AC926A32070D91A00C23FE0 /* UIDevice.swift in Sources */ = {isa = PBXBuildFile; fileRef = 3AC926A22070D91A00C23FE0 /* UIDevice.swift */; };
		3AECB6E621A0BAF800D6D666 /* Episodes.swift in Sources */ = {isa = PBXBuildFile; fileRef = 3AECB6E521A0BAF800D6D666 /* Episodes.swift */; };
		3AF2AFEA205DA3BC005FAC9B /* NetworkResults.swift in Sources */ = {isa = PBXBuildFile; fileRef = 3AF2AFE9205DA3BC005FAC9B /* NetworkResults.swift */; };
		3AF2AFED205DA8B2005FAC9B /* Episode.swift in Sources */ = {isa = PBXBuildFile; fileRef = 3AF2AFEC205DA8B2005FAC9B /* Episode.swift */; };
		3AF2AFEF205DB4F6005FAC9B /* CoreDataManager.swift in Sources */ = {isa = PBXBuildFile; fileRef = 3AF2AFEE205DB4F6005FAC9B /* CoreDataManager.swift */; };
		3AF2AFF2205DB54E005FAC9B /* PodcastModels.xcdatamodeld in Sources */ = {isa = PBXBuildFile; fileRef = 3AF2AFF0205DB54E005FAC9B /* PodcastModels.xcdatamodeld */; };
		3AF2AFF4205DCE1B005FAC9B /* FavoritesCell.swift in Sources */ = {isa = PBXBuildFile; fileRef = 3AF2AFF3205DCE1B005FAC9B /* FavoritesCell.swift */; };
		3AF2AFF8205FB96D005FAC9B /* PodcastController.swift in Sources */ = {isa = PBXBuildFile; fileRef = 3AF2AFF7205FB96D005FAC9B /* PodcastController.swift */; };
		3AF2AFFA205FBC2A005FAC9B /* PodcastHeaderView.swift in Sources */ = {isa = PBXBuildFile; fileRef = 3AF2AFF9205FBC2A005FAC9B /* PodcastHeaderView.swift */; };
		3AF2AFFC205FBE2E005FAC9B /* PodcastController+Feed.swift in Sources */ = {isa = PBXBuildFile; fileRef = 3AF2AFFB205FBE2E005FAC9B /* PodcastController+Feed.swift */; };
		3AF2AFFE205FEF59005FAC9B /* +UIColor.swift in Sources */ = {isa = PBXBuildFile; fileRef = 3AF2AFFD205FEF59005FAC9B /* +UIColor.swift */; };
		9B18623720CD8135004E598F /* SearchController+TableView.swift in Sources */ = {isa = PBXBuildFile; fileRef = 9B18623620CD8135004E598F /* SearchController+TableView.swift */; };
		9B18623920CD817A004E598F /* SearchController+Search.swift in Sources */ = {isa = PBXBuildFile; fileRef = 9B18623820CD817A004E598F /* SearchController+Search.swift */; };
		9B18623B20CD827C004E598F /* SearchController+SubscriptionChangesDelegate.swift in Sources */ = {isa = PBXBuildFile; fileRef = 9B18623A20CD827C004E598F /* SearchController+SubscriptionChangesDelegate.swift */; };
		9B2C108320FBCFA1008EEAD5 /* ModalPlayer.swift in Sources */ = {isa = PBXBuildFile; fileRef = 9B2C108220FBCFA1008EEAD5 /* ModalPlayer.swift */; };
		9B2C10852105F45E008EEAD5 /* MasterController+PlayerControllerDelegate.swift in Sources */ = {isa = PBXBuildFile; fileRef = 9B2C10842105F45E008EEAD5 /* MasterController+PlayerControllerDelegate.swift */; };
		9B3299AE2051AC8100088A39 /* SubscriptionsController.swift in Sources */ = {isa = PBXBuildFile; fileRef = 9B3299AD2051AC8100088A39 /* SubscriptionsController.swift */; };
		9B66289120BAFCCF005C3D56 /* IBMPlexSans-Regular.ttf in Resources */ = {isa = PBXBuildFile; fileRef = 9B66289020BAFCCF005C3D56 /* IBMPlexSans-Regular.ttf */; };
		9B6628A420BAFF43005C3D56 /* IBMPlexMono-SemiBold.ttf in Resources */ = {isa = PBXBuildFile; fileRef = 9B66289420BAFF41005C3D56 /* IBMPlexMono-SemiBold.ttf */; };
		9B6628A520BAFF43005C3D56 /* IBMPlexMono-Medium.ttf in Resources */ = {isa = PBXBuildFile; fileRef = 9B66289520BAFF41005C3D56 /* IBMPlexMono-Medium.ttf */; };
		9B6628A620BAFF43005C3D56 /* IBMPlexMono-SemiBoldItalic.ttf in Resources */ = {isa = PBXBuildFile; fileRef = 9B66289620BAFF42005C3D56 /* IBMPlexMono-SemiBoldItalic.ttf */; };
		9B6628A720BAFF43005C3D56 /* IBMPlexMono-ThinItalic.ttf in Resources */ = {isa = PBXBuildFile; fileRef = 9B66289720BAFF42005C3D56 /* IBMPlexMono-ThinItalic.ttf */; };
		9B6628A820BAFF43005C3D56 /* IBMPlexMono-MediumItalic.ttf in Resources */ = {isa = PBXBuildFile; fileRef = 9B66289820BAFF42005C3D56 /* IBMPlexMono-MediumItalic.ttf */; };
		9B6628A920BAFF43005C3D56 /* IBMPlexMono-Italic.ttf in Resources */ = {isa = PBXBuildFile; fileRef = 9B66289920BAFF42005C3D56 /* IBMPlexMono-Italic.ttf */; };
		9B6628AA20BAFF43005C3D56 /* IBMPlexMono-Thin.ttf in Resources */ = {isa = PBXBuildFile; fileRef = 9B66289A20BAFF42005C3D56 /* IBMPlexMono-Thin.ttf */; };
		9B6628AB20BAFF43005C3D56 /* IBMPlexMono-Regular.ttf in Resources */ = {isa = PBXBuildFile; fileRef = 9B66289B20BAFF42005C3D56 /* IBMPlexMono-Regular.ttf */; };
		9B6628AC20BAFF43005C3D56 /* IBMPlexMono-ExtraLight.ttf in Resources */ = {isa = PBXBuildFile; fileRef = 9B66289C20BAFF42005C3D56 /* IBMPlexMono-ExtraLight.ttf */; };
		9B6628AD20BAFF43005C3D56 /* IBMPlexMono-LightItalic.ttf in Resources */ = {isa = PBXBuildFile; fileRef = 9B66289D20BAFF42005C3D56 /* IBMPlexMono-LightItalic.ttf */; };
		9B6628AE20BAFF43005C3D56 /* IBMPlexMono-Light.ttf in Resources */ = {isa = PBXBuildFile; fileRef = 9B66289E20BAFF43005C3D56 /* IBMPlexMono-Light.ttf */; };
		9B6628AF20BAFF43005C3D56 /* IBMPlexMono-Bold.ttf in Resources */ = {isa = PBXBuildFile; fileRef = 9B66289F20BAFF43005C3D56 /* IBMPlexMono-Bold.ttf */; };
		9B6628B020BAFF43005C3D56 /* IBMPlexMono-BoldItalic.ttf in Resources */ = {isa = PBXBuildFile; fileRef = 9B6628A020BAFF43005C3D56 /* IBMPlexMono-BoldItalic.ttf */; };
		9B6628B120BAFF43005C3D56 /* IBMPlexMono-Text.ttf in Resources */ = {isa = PBXBuildFile; fileRef = 9B6628A120BAFF43005C3D56 /* IBMPlexMono-Text.ttf */; };
		9B6628B220BAFF43005C3D56 /* IBMPlexMono-ExtraLightItalic.ttf in Resources */ = {isa = PBXBuildFile; fileRef = 9B6628A220BAFF43005C3D56 /* IBMPlexMono-ExtraLightItalic.ttf */; };
		9B6628B320BAFF43005C3D56 /* IBMPlexMono-TextItalic.ttf in Resources */ = {isa = PBXBuildFile; fileRef = 9B6628A320BAFF43005C3D56 /* IBMPlexMono-TextItalic.ttf */; };
		9B963250206971E8008E0D57 /* Theme.swift in Sources */ = {isa = PBXBuildFile; fileRef = 9B96324F206971E8008E0D57 /* Theme.swift */; };
		9BD09F7A20D44F3400EB1BC5 /* ModalController.swift in Sources */ = {isa = PBXBuildFile; fileRef = 9BD09F7920D44F3400EB1BC5 /* ModalController.swift */; };
		9BD09F7D20D4598100EB1BC5 /* EpisodesCell+Observer.swift in Sources */ = {isa = PBXBuildFile; fileRef = 9BD09F7C20D4598100EB1BC5 /* EpisodesCell+Observer.swift */; };
		9BDA280A207A917D004300C6 /* SubscriptionsController+CollectionView.swift in Sources */ = {isa = PBXBuildFile; fileRef = 9BDA2809207A917D004300C6 /* SubscriptionsController+CollectionView.swift */; };
		9BFE8EEC203476E300EAEADD /* AppDelegate.swift in Sources */ = {isa = PBXBuildFile; fileRef = 9BFE8EEB203476E300EAEADD /* AppDelegate.swift */; };
		9BFE8EF3203476E300EAEADD /* Assets.xcassets in Resources */ = {isa = PBXBuildFile; fileRef = 9BFE8EF2203476E300EAEADD /* Assets.xcassets */; };
		9BFE8EF6203476E300EAEADD /* LaunchScreen.storyboard in Resources */ = {isa = PBXBuildFile; fileRef = 9BFE8EF4203476E300EAEADD /* LaunchScreen.storyboard */; };
		9BFE8F00203C33E300EAEADD /* SearchController.swift in Sources */ = {isa = PBXBuildFile; fileRef = 9BFE8EFF203C33E300EAEADD /* SearchController.swift */; };
		9BFE8F0B203F06CD00EAEADD /* NetworkAPI.swift in Sources */ = {isa = PBXBuildFile; fileRef = 9BFE8F0A203F06CD00EAEADD /* NetworkAPI.swift */; };
/* End PBXBuildFile section */

/* Begin PBXCopyFilesBuildPhase section */
		3A77DD2A20920E950010964F /* Embed PlugIns */ = {
			isa = PBXCopyFilesBuildPhase;
			buildActionMask = 2147483647;
			dstPath = "";
			dstSubfolderSpec = 13;
			files = (
			);
			name = "Embed PlugIns";
			runOnlyForDeploymentPostprocessing = 0;
		};
		3A7B6EEA206BC1C900383659 /* Embed Frameworks */ = {
			isa = PBXCopyFilesBuildPhase;
			buildActionMask = 2147483647;
			dstPath = "";
			dstSubfolderSpec = 10;
			files = (
				3A7B6EF4206BC23900383659 /* Alamofire.framework in Embed Frameworks */,
				3A7B6EF6206BC23900383659 /* FeedKit.framework in Embed Frameworks */,
			);
			name = "Embed Frameworks";
			runOnlyForDeploymentPostprocessing = 0;
		};
/* End PBXCopyFilesBuildPhase section */

/* Begin PBXFileReference section */
		3A04604E2067F245003CFA6F /* NotificationCenter.swift */ = {isa = PBXFileReference; lastKnownFileType = sourcecode.swift; path = NotificationCenter.swift; sourceTree = "<group>"; };
		3A16691A20F8DA0900A72A4E /* MasterController.swift */ = {isa = PBXFileReference; lastKnownFileType = sourcecode.swift; path = MasterController.swift; sourceTree = "<group>"; };
		3A27F1F4208527D800312970 /* SubscriptionChangesDelegate.swift */ = {isa = PBXFileReference; lastKnownFileType = sourcecode.swift; path = SubscriptionChangesDelegate.swift; sourceTree = "<group>"; };
		3A29A02121695766005456E0 /* ShowNotestController.swift */ = {isa = PBXFileReference; lastKnownFileType = sourcecode.swift; path = ShowNotestController.swift; sourceTree = "<group>"; };
		3A3C8AC720421D8D004DF47D /* EpisodesCell.swift */ = {isa = PBXFileReference; lastKnownFileType = sourcecode.swift; path = EpisodesCell.swift; sourceTree = "<group>"; };
		3A3F8DF820760C2E00F9EFC1 /* IBMPlexSans-Text.ttf */ = {isa = PBXFileReference; lastKnownFileType = file; path = "IBMPlexSans-Text.ttf"; sourceTree = "<group>"; };
		3A3F8DF920760C2E00F9EFC1 /* IBMPlexSans-SemiBoldItalic.ttf */ = {isa = PBXFileReference; lastKnownFileType = file; path = "IBMPlexSans-SemiBoldItalic.ttf"; sourceTree = "<group>"; };
		3A3F8DFA20760C2E00F9EFC1 /* IBMPlexSans-Medium.ttf */ = {isa = PBXFileReference; lastKnownFileType = file; path = "IBMPlexSans-Medium.ttf"; sourceTree = "<group>"; };
		3A3F8DFB20760C2E00F9EFC1 /* IBMPlexSans-TextItalic.ttf */ = {isa = PBXFileReference; lastKnownFileType = file; path = "IBMPlexSans-TextItalic.ttf"; sourceTree = "<group>"; };
		3A3F8DFC20760C2E00F9EFC1 /* IBMPlexSans-SemiBold.ttf */ = {isa = PBXFileReference; lastKnownFileType = file; path = "IBMPlexSans-SemiBold.ttf"; sourceTree = "<group>"; };
		3A3F8DFD20760C2E00F9EFC1 /* IBMPlexSans-MediumItalic.ttf */ = {isa = PBXFileReference; lastKnownFileType = file; path = "IBMPlexSans-MediumItalic.ttf"; sourceTree = "<group>"; };
		3A3F8DFE20760C2E00F9EFC1 /* IBMPlexSans-LightItalic.ttf */ = {isa = PBXFileReference; lastKnownFileType = file; path = "IBMPlexSans-LightItalic.ttf"; sourceTree = "<group>"; };
		3A3F8DFF20760C2E00F9EFC1 /* IBMPlexSans-ExtraLight.ttf */ = {isa = PBXFileReference; lastKnownFileType = file; path = "IBMPlexSans-ExtraLight.ttf"; sourceTree = "<group>"; };
		3A3F8E0020760C2E00F9EFC1 /* IBMPlexSans-Thin.ttf */ = {isa = PBXFileReference; lastKnownFileType = file; path = "IBMPlexSans-Thin.ttf"; sourceTree = "<group>"; };
		3A3F8E0120760C2E00F9EFC1 /* IBMPlexSans-ThinItalic.ttf */ = {isa = PBXFileReference; lastKnownFileType = file; path = "IBMPlexSans-ThinItalic.ttf"; sourceTree = "<group>"; };
		3A3F8E0220760C2E00F9EFC1 /* IBMPlexSans-BoldItalic.ttf */ = {isa = PBXFileReference; lastKnownFileType = file; path = "IBMPlexSans-BoldItalic.ttf"; sourceTree = "<group>"; };
		3A3F8E0320760C2E00F9EFC1 /* IBMPlexSans-Light.ttf */ = {isa = PBXFileReference; lastKnownFileType = file; path = "IBMPlexSans-Light.ttf"; sourceTree = "<group>"; };
		3A3F8E0420760C2E00F9EFC1 /* IBMPlexSans-Italic.ttf */ = {isa = PBXFileReference; lastKnownFileType = file; path = "IBMPlexSans-Italic.ttf"; sourceTree = "<group>"; };
		3A3F8E0620760C2E00F9EFC1 /* IBMPlexSans-ExtraLightItalic.ttf */ = {isa = PBXFileReference; lastKnownFileType = file; path = "IBMPlexSans-ExtraLightItalic.ttf"; sourceTree = "<group>"; };
		3A3F8E0720760C2E00F9EFC1 /* IBMPlexSans-Bold.ttf */ = {isa = PBXFileReference; lastKnownFileType = file; path = "IBMPlexSans-Bold.ttf"; sourceTree = "<group>"; };
		3A3F8E192076262100F9EFC1 /* CamphorPro-Regular.ttf */ = {isa = PBXFileReference; lastKnownFileType = file; path = "CamphorPro-Regular.ttf"; sourceTree = "<group>"; };
		3A3F8E1C207626FE00F9EFC1 /* CamphorPro-Bold.ttf */ = {isa = PBXFileReference; lastKnownFileType = file; path = "CamphorPro-Bold.ttf"; sourceTree = "<group>"; };
		3A4BBE402160E04B000CAE56 /* CloudKit.framework */ = {isa = PBXFileReference; lastKnownFileType = wrapper.framework; name = CloudKit.framework; path = System/Library/Frameworks/CloudKit.framework; sourceTree = SDKROOT; };
		3A621D03206B977B00852F2A /* Podcast-Bridging-Header.h */ = {isa = PBXFileReference; lastKnownFileType = sourcecode.c.h; path = "Podcast-Bridging-Header.h"; sourceTree = "<group>"; };
		3A621D07206BA4A400852F2A /* Kaffe.h */ = {isa = PBXFileReference; lastKnownFileType = sourcecode.c.h; path = Kaffe.h; sourceTree = "<group>"; };
		3A621D08206BA4A400852F2A /* Kaffe.c */ = {isa = PBXFileReference; lastKnownFileType = sourcecode.c.c; path = Kaffe.c; sourceTree = "<group>"; };
		3A77DD2C20920F650010964F /* MNAVChapterReader.h */ = {isa = PBXFileReference; fileEncoding = 4; lastKnownFileType = sourcecode.c.h; path = MNAVChapterReader.h; sourceTree = "<group>"; };
		3A77DD2D20920F650010964F /* MNAVChapterReader.m */ = {isa = PBXFileReference; fileEncoding = 4; lastKnownFileType = sourcecode.c.objc; path = MNAVChapterReader.m; sourceTree = "<group>"; };
		3A77DD2E20920F650010964F /* MNAVChapters-Prefix.pch */ = {isa = PBXFileReference; fileEncoding = 4; lastKnownFileType = sourcecode.c.h; path = "MNAVChapters-Prefix.pch"; sourceTree = "<group>"; };
		3A7B6EED206BC20D00383659 /* FeedKit.framework */ = {isa = PBXFileReference; lastKnownFileType = wrapper.framework; path = FeedKit.framework; sourceTree = "<group>"; };
		3A7B6EF1206BC22E00383659 /* Alamofire.framework */ = {isa = PBXFileReference; lastKnownFileType = wrapper.framework; path = Alamofire.framework; sourceTree = "<group>"; };
		3A7ED4A32066F8BC009823B9 /* PodcastController+TableView.swift */ = {isa = PBXFileReference; lastKnownFileType = sourcecode.swift; path = "PodcastController+TableView.swift"; sourceTree = "<group>"; };
		3A9045AF2135BA1100BBAE94 /* String.swift */ = {isa = PBXFileReference; lastKnownFileType = sourcecode.swift; path = String.swift; sourceTree = "<group>"; };
		3AA17A42203CA77E00C0F4D8 /* Podcast.swift */ = {isa = PBXFileReference; lastKnownFileType = sourcecode.swift; path = Podcast.swift; sourceTree = "<group>"; };
		3AAF3767215AA90A00811D0C /* Podcast.entitlements */ = {isa = PBXFileReference; lastKnownFileType = text.plist.entitlements; path = Podcast.entitlements; sourceTree = "<group>"; };
		3AB87DA6210B36FC0058B75B /* TabBarController.swift */ = {isa = PBXFileReference; lastKnownFileType = sourcecode.swift; path = TabBarController.swift; sourceTree = "<group>"; };
		3ABED388203CB56E0057AE87 /* SearchCell.swift */ = {isa = PBXFileReference; lastKnownFileType = sourcecode.swift; path = SearchCell.swift; sourceTree = "<group>"; };
		3AC926A22070D91A00C23FE0 /* UIDevice.swift */ = {isa = PBXFileReference; lastKnownFileType = sourcecode.swift; path = UIDevice.swift; sourceTree = "<group>"; };
		3AECB6E521A0BAF800D6D666 /* Episodes.swift */ = {isa = PBXFileReference; lastKnownFileType = sourcecode.swift; path = Episodes.swift; sourceTree = "<group>"; };
		3AF2AFE5205DA0DE005FAC9B /* notes.md */ = {isa = PBXFileReference; lastKnownFileType = net.daringfireball.markdown; path = notes.md; sourceTree = "<group>"; };
		3AF2AFE8205DA1AB005FAC9B /* documentation.md */ = {isa = PBXFileReference; lastKnownFileType = net.daringfireball.markdown; path = documentation.md; sourceTree = "<group>"; };
		3AF2AFE9205DA3BC005FAC9B /* NetworkResults.swift */ = {isa = PBXFileReference; lastKnownFileType = sourcecode.swift; path = NetworkResults.swift; sourceTree = "<group>"; };
		3AF2AFEC205DA8B2005FAC9B /* Episode.swift */ = {isa = PBXFileReference; lastKnownFileType = sourcecode.swift; path = Episode.swift; sourceTree = "<group>"; };
		3AF2AFEE205DB4F6005FAC9B /* CoreDataManager.swift */ = {isa = PBXFileReference; lastKnownFileType = sourcecode.swift; path = CoreDataManager.swift; sourceTree = "<group>"; };
		3AF2AFF1205DB54E005FAC9B /* PodcastModels.xcdatamodel */ = {isa = PBXFileReference; lastKnownFileType = wrapper.xcdatamodel; path = PodcastModels.xcdatamodel; sourceTree = "<group>"; };
		3AF2AFF3205DCE1B005FAC9B /* FavoritesCell.swift */ = {isa = PBXFileReference; lastKnownFileType = sourcecode.swift; path = FavoritesCell.swift; sourceTree = "<group>"; };
		3AF2AFF7205FB96D005FAC9B /* PodcastController.swift */ = {isa = PBXFileReference; lastKnownFileType = sourcecode.swift; path = PodcastController.swift; sourceTree = "<group>"; };
		3AF2AFF9205FBC2A005FAC9B /* PodcastHeaderView.swift */ = {isa = PBXFileReference; lastKnownFileType = sourcecode.swift; path = PodcastHeaderView.swift; sourceTree = "<group>"; };
		3AF2AFFB205FBE2E005FAC9B /* PodcastController+Feed.swift */ = {isa = PBXFileReference; lastKnownFileType = sourcecode.swift; path = "PodcastController+Feed.swift"; sourceTree = "<group>"; };
		3AF2AFFD205FEF59005FAC9B /* +UIColor.swift */ = {isa = PBXFileReference; lastKnownFileType = sourcecode.swift; path = "+UIColor.swift"; sourceTree = "<group>"; };
		9B18623620CD8135004E598F /* SearchController+TableView.swift */ = {isa = PBXFileReference; lastKnownFileType = sourcecode.swift; path = "SearchController+TableView.swift"; sourceTree = "<group>"; };
		9B18623820CD817A004E598F /* SearchController+Search.swift */ = {isa = PBXFileReference; lastKnownFileType = sourcecode.swift; path = "SearchController+Search.swift"; sourceTree = "<group>"; };
		9B18623A20CD827C004E598F /* SearchController+SubscriptionChangesDelegate.swift */ = {isa = PBXFileReference; lastKnownFileType = sourcecode.swift; path = "SearchController+SubscriptionChangesDelegate.swift"; sourceTree = "<group>"; };
		9B2C108220FBCFA1008EEAD5 /* ModalPlayer.swift */ = {isa = PBXFileReference; lastKnownFileType = sourcecode.swift; path = ModalPlayer.swift; sourceTree = "<group>"; };
		9B2C10842105F45E008EEAD5 /* MasterController+PlayerControllerDelegate.swift */ = {isa = PBXFileReference; lastKnownFileType = sourcecode.swift; path = "MasterController+PlayerControllerDelegate.swift"; sourceTree = "<group>"; };
		9B3299AD2051AC8100088A39 /* SubscriptionsController.swift */ = {isa = PBXFileReference; lastKnownFileType = sourcecode.swift; path = SubscriptionsController.swift; sourceTree = "<group>"; };
		9B66289020BAFCCF005C3D56 /* IBMPlexSans-Regular.ttf */ = {isa = PBXFileReference; lastKnownFileType = file; path = "IBMPlexSans-Regular.ttf"; sourceTree = "<group>"; };
		9B66289420BAFF41005C3D56 /* IBMPlexMono-SemiBold.ttf */ = {isa = PBXFileReference; lastKnownFileType = file; path = "IBMPlexMono-SemiBold.ttf"; sourceTree = "<group>"; };
		9B66289520BAFF41005C3D56 /* IBMPlexMono-Medium.ttf */ = {isa = PBXFileReference; lastKnownFileType = file; path = "IBMPlexMono-Medium.ttf"; sourceTree = "<group>"; };
		9B66289620BAFF42005C3D56 /* IBMPlexMono-SemiBoldItalic.ttf */ = {isa = PBXFileReference; lastKnownFileType = file; path = "IBMPlexMono-SemiBoldItalic.ttf"; sourceTree = "<group>"; };
		9B66289720BAFF42005C3D56 /* IBMPlexMono-ThinItalic.ttf */ = {isa = PBXFileReference; lastKnownFileType = file; path = "IBMPlexMono-ThinItalic.ttf"; sourceTree = "<group>"; };
		9B66289820BAFF42005C3D56 /* IBMPlexMono-MediumItalic.ttf */ = {isa = PBXFileReference; lastKnownFileType = file; path = "IBMPlexMono-MediumItalic.ttf"; sourceTree = "<group>"; };
		9B66289920BAFF42005C3D56 /* IBMPlexMono-Italic.ttf */ = {isa = PBXFileReference; lastKnownFileType = file; path = "IBMPlexMono-Italic.ttf"; sourceTree = "<group>"; };
		9B66289A20BAFF42005C3D56 /* IBMPlexMono-Thin.ttf */ = {isa = PBXFileReference; lastKnownFileType = file; path = "IBMPlexMono-Thin.ttf"; sourceTree = "<group>"; };
		9B66289B20BAFF42005C3D56 /* IBMPlexMono-Regular.ttf */ = {isa = PBXFileReference; lastKnownFileType = file; path = "IBMPlexMono-Regular.ttf"; sourceTree = "<group>"; };
		9B66289C20BAFF42005C3D56 /* IBMPlexMono-ExtraLight.ttf */ = {isa = PBXFileReference; lastKnownFileType = file; path = "IBMPlexMono-ExtraLight.ttf"; sourceTree = "<group>"; };
		9B66289D20BAFF42005C3D56 /* IBMPlexMono-LightItalic.ttf */ = {isa = PBXFileReference; lastKnownFileType = file; path = "IBMPlexMono-LightItalic.ttf"; sourceTree = "<group>"; };
		9B66289E20BAFF43005C3D56 /* IBMPlexMono-Light.ttf */ = {isa = PBXFileReference; lastKnownFileType = file; path = "IBMPlexMono-Light.ttf"; sourceTree = "<group>"; };
		9B66289F20BAFF43005C3D56 /* IBMPlexMono-Bold.ttf */ = {isa = PBXFileReference; lastKnownFileType = file; path = "IBMPlexMono-Bold.ttf"; sourceTree = "<group>"; };
		9B6628A020BAFF43005C3D56 /* IBMPlexMono-BoldItalic.ttf */ = {isa = PBXFileReference; lastKnownFileType = file; path = "IBMPlexMono-BoldItalic.ttf"; sourceTree = "<group>"; };
		9B6628A120BAFF43005C3D56 /* IBMPlexMono-Text.ttf */ = {isa = PBXFileReference; lastKnownFileType = file; path = "IBMPlexMono-Text.ttf"; sourceTree = "<group>"; };
		9B6628A220BAFF43005C3D56 /* IBMPlexMono-ExtraLightItalic.ttf */ = {isa = PBXFileReference; lastKnownFileType = file; path = "IBMPlexMono-ExtraLightItalic.ttf"; sourceTree = "<group>"; };
		9B6628A320BAFF43005C3D56 /* IBMPlexMono-TextItalic.ttf */ = {isa = PBXFileReference; lastKnownFileType = file; path = "IBMPlexMono-TextItalic.ttf"; sourceTree = "<group>"; };
		9B96324F206971E8008E0D57 /* Theme.swift */ = {isa = PBXFileReference; lastKnownFileType = sourcecode.swift; path = Theme.swift; sourceTree = "<group>"; };
		9BD09F7920D44F3400EB1BC5 /* ModalController.swift */ = {isa = PBXFileReference; fileEncoding = 4; lastKnownFileType = sourcecode.swift; path = ModalController.swift; sourceTree = "<group>"; };
		9BD09F7C20D4598100EB1BC5 /* EpisodesCell+Observer.swift */ = {isa = PBXFileReference; lastKnownFileType = sourcecode.swift; path = "EpisodesCell+Observer.swift"; sourceTree = "<group>"; };
		9BDA2809207A917D004300C6 /* SubscriptionsController+CollectionView.swift */ = {isa = PBXFileReference; lastKnownFileType = sourcecode.swift; path = "SubscriptionsController+CollectionView.swift"; sourceTree = "<group>"; };
		9BFE8EE8203476E300EAEADD /* Podcast.app */ = {isa = PBXFileReference; explicitFileType = wrapper.application; includeInIndex = 0; path = Podcast.app; sourceTree = BUILT_PRODUCTS_DIR; };
		9BFE8EEB203476E300EAEADD /* AppDelegate.swift */ = {isa = PBXFileReference; lastKnownFileType = sourcecode.swift; path = AppDelegate.swift; sourceTree = "<group>"; };
		9BFE8EF2203476E300EAEADD /* Assets.xcassets */ = {isa = PBXFileReference; lastKnownFileType = folder.assetcatalog; path = Assets.xcassets; sourceTree = "<group>"; };
		9BFE8EF5203476E300EAEADD /* Base */ = {isa = PBXFileReference; lastKnownFileType = file.storyboard; name = Base; path = Base.lproj/LaunchScreen.storyboard; sourceTree = "<group>"; };
		9BFE8EF7203476E300EAEADD /* Info.plist */ = {isa = PBXFileReference; lastKnownFileType = text.plist.xml; path = Info.plist; sourceTree = "<group>"; };
		9BFE8EFF203C33E300EAEADD /* SearchController.swift */ = {isa = PBXFileReference; lastKnownFileType = sourcecode.swift; path = SearchController.swift; sourceTree = "<group>"; };
		9BFE8F0A203F06CD00EAEADD /* NetworkAPI.swift */ = {isa = PBXFileReference; lastKnownFileType = sourcecode.swift; path = NetworkAPI.swift; sourceTree = "<group>"; };
/* End PBXFileReference section */

/* Begin PBXFrameworksBuildPhase section */
		9BFE8EE5203476E300EAEADD /* Frameworks */ = {
			isa = PBXFrameworksBuildPhase;
			buildActionMask = 2147483647;
			files = (
				3A4BBE412160E04B000CAE56 /* CloudKit.framework in Frameworks */,
			);
			runOnlyForDeploymentPostprocessing = 0;
		};
/* End PBXFrameworksBuildPhase section */

/* Begin PBXGroup section */
		3A27F1F32085279000312970 /* Protocols */ = {
			isa = PBXGroup;
			children = (
				3A27F1F4208527D800312970 /* SubscriptionChangesDelegate.swift */,
			);
			path = Protocols;
			sourceTree = "<group>";
		};
		3A3F8DF620760C1900F9EFC1 /* Resources */ = {
			isa = PBXGroup;
			children = (
				9B6628B420BAFF4D005C3D56 /* IBMPlexMono */,
				3A3F8E192076262100F9EFC1 /* CamphorPro-Regular.ttf */,
				9B66289020BAFCCF005C3D56 /* IBMPlexSans-Regular.ttf */,
				3A3F8E1C207626FE00F9EFC1 /* CamphorPro-Bold.ttf */,
				3A3F8DF720760C2E00F9EFC1 /* IBM-Plex-Sans */,
			);
			name = Resources;
			sourceTree = "<group>";
		};
		3A3F8DF720760C2E00F9EFC1 /* IBM-Plex-Sans */ = {
			isa = PBXGroup;
			children = (
				3A3F8DF820760C2E00F9EFC1 /* IBMPlexSans-Text.ttf */,
				3A3F8DF920760C2E00F9EFC1 /* IBMPlexSans-SemiBoldItalic.ttf */,
				3A3F8DFA20760C2E00F9EFC1 /* IBMPlexSans-Medium.ttf */,
				3A3F8DFB20760C2E00F9EFC1 /* IBMPlexSans-TextItalic.ttf */,
				3A3F8DFC20760C2E00F9EFC1 /* IBMPlexSans-SemiBold.ttf */,
				3A3F8DFD20760C2E00F9EFC1 /* IBMPlexSans-MediumItalic.ttf */,
				3A3F8DFE20760C2E00F9EFC1 /* IBMPlexSans-LightItalic.ttf */,
				3A3F8DFF20760C2E00F9EFC1 /* IBMPlexSans-ExtraLight.ttf */,
				3A3F8E0020760C2E00F9EFC1 /* IBMPlexSans-Thin.ttf */,
				3A3F8E0120760C2E00F9EFC1 /* IBMPlexSans-ThinItalic.ttf */,
				3A3F8E0220760C2E00F9EFC1 /* IBMPlexSans-BoldItalic.ttf */,
				3A3F8E0320760C2E00F9EFC1 /* IBMPlexSans-Light.ttf */,
				3A3F8E0420760C2E00F9EFC1 /* IBMPlexSans-Italic.ttf */,
				3A3F8E0620760C2E00F9EFC1 /* IBMPlexSans-ExtraLightItalic.ttf */,
				3A3F8E0720760C2E00F9EFC1 /* IBMPlexSans-Bold.ttf */,
			);
			path = "IBM-Plex-Sans";
			sourceTree = "<group>";
		};
		3A6B0D55206BBDA400161BBA /* Frameworks */ = {
			isa = PBXGroup;
			children = (
				3A4BBE402160E04B000CAE56 /* CloudKit.framework */,
				3A7B6EF1206BC22E00383659 /* Alamofire.framework */,
				3A7B6EED206BC20D00383659 /* FeedKit.framework */,
			);
			name = Frameworks;
			sourceTree = "<group>";
		};
		3A77DD2B20920F650010964F /* MNAVChapters */ = {
			isa = PBXGroup;
			children = (
				3A77DD2C20920F650010964F /* MNAVChapterReader.h */,
				3A77DD2D20920F650010964F /* MNAVChapterReader.m */,
				3A77DD2E20920F650010964F /* MNAVChapters-Prefix.pch */,
			);
			path = MNAVChapters;
			sourceTree = "<group>";
		};
		3A7ED4A52066F95A009823B9 /* PodcastController */ = {
			isa = PBXGroup;
			children = (
				3AF2AFF7205FB96D005FAC9B /* PodcastController.swift */,
				3A7ED4A32066F8BC009823B9 /* PodcastController+TableView.swift */,
				3AF2AFFB205FBE2E005FAC9B /* PodcastController+Feed.swift */,
			);
			path = PodcastController;
			sourceTree = "<group>";
		};
		3AB030EA20FA82F700DA16DA /* MasterController */ = {
			isa = PBXGroup;
			children = (
				3A16691A20F8DA0900A72A4E /* MasterController.swift */,
				9B2C10842105F45E008EEAD5 /* MasterController+PlayerControllerDelegate.swift */,
			);
			path = MasterController;
			sourceTree = "<group>";
		};
		3AB87DA5210B36E50058B75B /* TabBarController */ = {
			isa = PBXGroup;
			children = (
				3AB87DA6210B36FC0058B75B /* TabBarController.swift */,
			);
			path = TabBarController;
			sourceTree = "<group>";
		};
		3AF2AFEB205DA74B005FAC9B /* Extensions */ = {
			isa = PBXGroup;
			children = (
				3AF2AFFD205FEF59005FAC9B /* +UIColor.swift */,
				3A04604E2067F245003CFA6F /* NotificationCenter.swift */,
				3AC926A22070D91A00C23FE0 /* UIDevice.swift */,
				3A9045AF2135BA1100BBAE94 /* String.swift */,
			);
			path = Extensions;
			sourceTree = "<group>";
		};
		9B18623520CD810B004E598F /* SearchController */ = {
			isa = PBXGroup;
			children = (
				9BFE8EFF203C33E300EAEADD /* SearchController.swift */,
				9B18623820CD817A004E598F /* SearchController+Search.swift */,
				9B18623620CD8135004E598F /* SearchController+TableView.swift */,
				9B18623A20CD827C004E598F /* SearchController+SubscriptionChangesDelegate.swift */,
			);
			path = SearchController;
			sourceTree = "<group>";
		};
		9B2C108120FBC219008EEAD5 /* ModalPlayer */ = {
			isa = PBXGroup;
			children = (
				9B2C108220FBCFA1008EEAD5 /* ModalPlayer.swift */,
			);
			path = ModalPlayer;
			sourceTree = "<group>";
		};
		9B6628B420BAFF4D005C3D56 /* IBMPlexMono */ = {
			isa = PBXGroup;
			children = (
				9B66289F20BAFF43005C3D56 /* IBMPlexMono-Bold.ttf */,
				9B6628A020BAFF43005C3D56 /* IBMPlexMono-BoldItalic.ttf */,
				9B66289C20BAFF42005C3D56 /* IBMPlexMono-ExtraLight.ttf */,
				9B6628A220BAFF43005C3D56 /* IBMPlexMono-ExtraLightItalic.ttf */,
				9B66289920BAFF42005C3D56 /* IBMPlexMono-Italic.ttf */,
				9B66289E20BAFF43005C3D56 /* IBMPlexMono-Light.ttf */,
				9B66289D20BAFF42005C3D56 /* IBMPlexMono-LightItalic.ttf */,
				9B66289520BAFF41005C3D56 /* IBMPlexMono-Medium.ttf */,
				9B66289820BAFF42005C3D56 /* IBMPlexMono-MediumItalic.ttf */,
				9B66289B20BAFF42005C3D56 /* IBMPlexMono-Regular.ttf */,
				9B66289420BAFF41005C3D56 /* IBMPlexMono-SemiBold.ttf */,
				9B66289620BAFF42005C3D56 /* IBMPlexMono-SemiBoldItalic.ttf */,
				9B6628A120BAFF43005C3D56 /* IBMPlexMono-Text.ttf */,
				9B6628A320BAFF43005C3D56 /* IBMPlexMono-TextItalic.ttf */,
				9B66289A20BAFF42005C3D56 /* IBMPlexMono-Thin.ttf */,
				9B66289720BAFF42005C3D56 /* IBMPlexMono-ThinItalic.ttf */,
			);
			path = IBMPlexMono;
			sourceTree = "<group>";
		};
		9BD09F7B20D4596700EB1BC5 /* EpisodesCell */ = {
			isa = PBXGroup;
			children = (
				3A3C8AC720421D8D004DF47D /* EpisodesCell.swift */,
				9BD09F7C20D4598100EB1BC5 /* EpisodesCell+Observer.swift */,
			);
			path = EpisodesCell;
			sourceTree = "<group>";
		};
		9BDA280B207A9289004300C6 /* SubscriptionsController */ = {
			isa = PBXGroup;
			children = (
				9B3299AD2051AC8100088A39 /* SubscriptionsController.swift */,
				9BDA2809207A917D004300C6 /* SubscriptionsController+CollectionView.swift */,
			);
			path = SubscriptionsController;
			sourceTree = "<group>";
		};
		9BF4F4AA203F231F001C1DD5 /* View */ = {
			isa = PBXGroup;
			children = (
				3AF2AFF9205FBC2A005FAC9B /* PodcastHeaderView.swift */,
				3ABED388203CB56E0057AE87 /* SearchCell.swift */,
				9BD09F7B20D4596700EB1BC5 /* EpisodesCell */,
				3AF2AFF3205DCE1B005FAC9B /* FavoritesCell.swift */,
			);
			path = View;
			sourceTree = "<group>";
		};
		9BFE8EDF203476E300EAEADD = {
			isa = PBXGroup;
			children = (
				3A621D03206B977B00852F2A /* Podcast-Bridging-Header.h */,
				3A621D07206BA4A400852F2A /* Kaffe.h */,
				3A621D08206BA4A400852F2A /* Kaffe.c */,
				3A77DD2B20920F650010964F /* MNAVChapters */,
				9BFE8EEA203476E300EAEADD /* Podcast */,
				9BFE8EE9203476E300EAEADD /* Products */,
				3A6B0D55206BBDA400161BBA /* Frameworks */,
			);
			sourceTree = "<group>";
		};
		9BFE8EE9203476E300EAEADD /* Products */ = {
			isa = PBXGroup;
			children = (
				9BFE8EE8203476E300EAEADD /* Podcast.app */,
			);
			name = Products;
			sourceTree = "<group>";
		};
		9BFE8EEA203476E300EAEADD /* Podcast */ = {
			isa = PBXGroup;
			children = (
				3AAF3767215AA90A00811D0C /* Podcast.entitlements */,
				3A27F1F32085279000312970 /* Protocols */,
				3A3F8DF620760C1900F9EFC1 /* Resources */,
				3AF2AFEB205DA74B005FAC9B /* Extensions */,
				9BFE8F09203F06AA00EAEADD /* Service */,
				9BFE8F06203C345100EAEADD /* Model */,
				9BF4F4AA203F231F001C1DD5 /* View */,
				9BFE8F05203C344000EAEADD /* Controller */,
				9BFE8EEB203476E300EAEADD /* AppDelegate.swift */,
				9BFE8EF2203476E300EAEADD /* Assets.xcassets */,
				9BFE8EF4203476E300EAEADD /* LaunchScreen.storyboard */,
				9BFE8EF7203476E300EAEADD /* Info.plist */,
				3AF2AFE5205DA0DE005FAC9B /* notes.md */,
				3AF2AFE8205DA1AB005FAC9B /* documentation.md */,
			);
			path = Podcast;
			sourceTree = "<group>";
		};
		9BFE8F05203C344000EAEADD /* Controller */ = {
			isa = PBXGroup;
			children = (
				9BD09F7920D44F3400EB1BC5 /* ModalController.swift */,
				3AB87DA5210B36E50058B75B /* TabBarController */,
				9BDA280B207A9289004300C6 /* SubscriptionsController */,
				9B2C108120FBC219008EEAD5 /* ModalPlayer */,
				3A7ED4A52066F95A009823B9 /* PodcastController */,
				9B18623520CD810B004E598F /* SearchController */,
				3AB030EA20FA82F700DA16DA /* MasterController */,
				3A29A02121695766005456E0 /* ShowNotestController.swift */,
			);
			path = Controller;
			sourceTree = "<group>";
		};
		9BFE8F06203C345100EAEADD /* Model */ = {
			isa = PBXGroup;
			children = (
				3AF2AFF0205DB54E005FAC9B /* PodcastModels.xcdatamodeld */,
				3AA17A42203CA77E00C0F4D8 /* Podcast.swift */,
				3AF2AFEC205DA8B2005FAC9B /* Episode.swift */,
				3AF2AFE9205DA3BC005FAC9B /* NetworkResults.swift */,
			);
			path = Model;
			sourceTree = "<group>";
		};
		9BFE8F09203F06AA00EAEADD /* Service */ = {
			isa = PBXGroup;
			children = (
				9B96324F206971E8008E0D57 /* Theme.swift */,
				9BFE8F0A203F06CD00EAEADD /* NetworkAPI.swift */,
				3AF2AFEE205DB4F6005FAC9B /* CoreDataManager.swift */,
				3AECB6E521A0BAF800D6D666 /* Episodes.swift */,
			);
			path = Service;
			sourceTree = "<group>";
		};
/* End PBXGroup section */

/* Begin PBXNativeTarget section */
		9BFE8EE7203476E300EAEADD /* Podcast */ = {
			isa = PBXNativeTarget;
			buildConfigurationList = 9BFE8EFA203476E300EAEADD /* Build configuration list for PBXNativeTarget "Podcast" */;
			buildPhases = (
				9BFE8EE4203476E300EAEADD /* Sources */,
				9BFE8EE5203476E300EAEADD /* Frameworks */,
				9BFE8EE6203476E300EAEADD /* Resources */,
				3A7B6EEA206BC1C900383659 /* Embed Frameworks */,
				3A77DD2A20920E950010964F /* Embed PlugIns */,
				3AE454DC20A85575001945F2 /* ShellScript */,
			);
			buildRules = (
			);
			dependencies = (
			);
			name = Podcast;
			productName = Podcast;
			productReference = 9BFE8EE8203476E300EAEADD /* Podcast.app */;
			productType = "com.apple.product-type.application";
		};
/* End PBXNativeTarget section */

/* Begin PBXProject section */
		9BFE8EE0203476E300EAEADD /* Project object */ = {
			isa = PBXProject;
			attributes = {
				LastSwiftUpdateCheck = 0920;
				LastUpgradeCheck = 0930;
				ORGANIZATIONNAME = AdrianF;
				TargetAttributes = {
					9BFE8EE7203476E300EAEADD = {
						CreatedOnToolsVersion = 9.2;
						LastSwiftMigration = 0920;
						ProvisioningStyle = Automatic;
						SystemCapabilities = {
							com.apple.BackgroundModes = {
								enabled = 1;
							};
							com.apple.Push = {
								enabled = 1;
							};
							com.apple.iCloud = {
								enabled = 1;
							};
						};
					};
				};
			};
			buildConfigurationList = 9BFE8EE3203476E300EAEADD /* Build configuration list for PBXProject "Podcast" */;
			compatibilityVersion = "Xcode 8.0";
			developmentRegion = en;
			hasScannedForEncodings = 0;
			knownRegions = (
				en,
				Base,
			);
			mainGroup = 9BFE8EDF203476E300EAEADD;
			productRefGroup = 9BFE8EE9203476E300EAEADD /* Products */;
			projectDirPath = "";
			projectRoot = "";
			targets = (
				9BFE8EE7203476E300EAEADD /* Podcast */,
			);
		};
/* End PBXProject section */

/* Begin PBXResourcesBuildPhase section */
		9BFE8EE6203476E300EAEADD /* Resources */ = {
			isa = PBXResourcesBuildPhase;
			buildActionMask = 2147483647;
			files = (
				3A3F8E1D207626FE00F9EFC1 /* CamphorPro-Bold.ttf in Resources */,
				3A3F8E1320760C2E00F9EFC1 /* IBMPlexSans-Light.ttf in Resources */,
				9B6628A520BAFF43005C3D56 /* IBMPlexMono-Medium.ttf in Resources */,
				3A3F8E1020760C2E00F9EFC1 /* IBMPlexSans-Thin.ttf in Resources */,
				3A3F8E1220760C2E00F9EFC1 /* IBMPlexSans-BoldItalic.ttf in Resources */,
				9B6628A620BAFF43005C3D56 /* IBMPlexMono-SemiBoldItalic.ttf in Resources */,
				9B6628A720BAFF43005C3D56 /* IBMPlexMono-ThinItalic.ttf in Resources */,
				3A3F8E1620760C2E00F9EFC1 /* IBMPlexSans-ExtraLightItalic.ttf in Resources */,
				9B6628AF20BAFF43005C3D56 /* IBMPlexMono-Bold.ttf in Resources */,
				9B6628AD20BAFF43005C3D56 /* IBMPlexMono-LightItalic.ttf in Resources */,
				9BFE8EF6203476E300EAEADD /* LaunchScreen.storyboard in Resources */,
				9B6628AC20BAFF43005C3D56 /* IBMPlexMono-ExtraLight.ttf in Resources */,
				3A3F8E0F20760C2E00F9EFC1 /* IBMPlexSans-ExtraLight.ttf in Resources */,
				9BFE8EF3203476E300EAEADD /* Assets.xcassets in Resources */,
				9B6628A920BAFF43005C3D56 /* IBMPlexMono-Italic.ttf in Resources */,
				3A3F8E1420760C2E00F9EFC1 /* IBMPlexSans-Italic.ttf in Resources */,
				9B6628A420BAFF43005C3D56 /* IBMPlexMono-SemiBold.ttf in Resources */,
				3A3F8E1B207626B000F9EFC1 /* CamphorPro-Regular.ttf in Resources */,
				9B6628B020BAFF43005C3D56 /* IBMPlexMono-BoldItalic.ttf in Resources */,
				3A3F8E1720760C2E00F9EFC1 /* IBMPlexSans-Bold.ttf in Resources */,
				9B6628B320BAFF43005C3D56 /* IBMPlexMono-TextItalic.ttf in Resources */,
				9B6628AB20BAFF43005C3D56 /* IBMPlexMono-Regular.ttf in Resources */,
				3A3F8E0D20760C2E00F9EFC1 /* IBMPlexSans-MediumItalic.ttf in Resources */,
				9B66289120BAFCCF005C3D56 /* IBMPlexSans-Regular.ttf in Resources */,
				9B6628AE20BAFF43005C3D56 /* IBMPlexMono-Light.ttf in Resources */,
				3A3F8E0C20760C2E00F9EFC1 /* IBMPlexSans-SemiBold.ttf in Resources */,
				9B6628A820BAFF43005C3D56 /* IBMPlexMono-MediumItalic.ttf in Resources */,
				3A3F8E1120760C2E00F9EFC1 /* IBMPlexSans-ThinItalic.ttf in Resources */,
				3A3F8E0B20760C2E00F9EFC1 /* IBMPlexSans-TextItalic.ttf in Resources */,
				3A3F8E0E20760C2E00F9EFC1 /* IBMPlexSans-LightItalic.ttf in Resources */,
				9B6628B220BAFF43005C3D56 /* IBMPlexMono-ExtraLightItalic.ttf in Resources */,
				3A3F8E0920760C2E00F9EFC1 /* IBMPlexSans-SemiBoldItalic.ttf in Resources */,
				9B6628B120BAFF43005C3D56 /* IBMPlexMono-Text.ttf in Resources */,
				3A3F8E0820760C2E00F9EFC1 /* IBMPlexSans-Text.ttf in Resources */,
				3A3F8E0A20760C2E00F9EFC1 /* IBMPlexSans-Medium.ttf in Resources */,
				9B6628AA20BAFF43005C3D56 /* IBMPlexMono-Thin.ttf in Resources */,
			);
			runOnlyForDeploymentPostprocessing = 0;
		};
/* End PBXResourcesBuildPhase section */

/* Begin PBXShellScriptBuildPhase section */
		3AE454DC20A85575001945F2 /* ShellScript */ = {
			isa = PBXShellScriptBuildPhase;
			buildActionMask = 2147483647;
			files = (
			);
			inputPaths = (
			);
			outputPaths = (
			);
			runOnlyForDeploymentPostprocessing = 0;
			shellPath = /bin/sh;
			shellScript = "APP_PATH=\"${TARGET_BUILD_DIR}/${WRAPPER_NAME}\"\n\n# This script loops through the frameworks embedded in the application and\n# removes unused architectures.\nfind \"$APP_PATH\" -name '*.framework' -type d | while read -r FRAMEWORK\ndo\nFRAMEWORK_EXECUTABLE_NAME=$(defaults read \"$FRAMEWORK/Info.plist\" CFBundleExecutable)\nFRAMEWORK_EXECUTABLE_PATH=\"$FRAMEWORK/$FRAMEWORK_EXECUTABLE_NAME\"\necho \"Executable is $FRAMEWORK_EXECUTABLE_PATH\"\n\nEXTRACTED_ARCHS=()\n\nfor ARCH in $ARCHS\ndo\necho \"Extracting $ARCH from $FRAMEWORK_EXECUTABLE_NAME\"\nlipo -extract \"$ARCH\" \"$FRAMEWORK_EXECUTABLE_PATH\" -o \"$FRAMEWORK_EXECUTABLE_PATH-$ARCH\"\nEXTRACTED_ARCHS+=(\"$FRAMEWORK_EXECUTABLE_PATH-$ARCH\")\ndone\n\necho \"Merging extracted architectures: ${ARCHS}\"\nlipo -o \"$FRAMEWORK_EXECUTABLE_PATH-merged\" -create \"${EXTRACTED_ARCHS[@]}\"\nrm \"${EXTRACTED_ARCHS[@]}\"\n\necho \"Replacing original executable with thinned version\"\nrm \"$FRAMEWORK_EXECUTABLE_PATH\"\nmv \"$FRAMEWORK_EXECUTABLE_PATH-merged\" \"$FRAMEWORK_EXECUTABLE_PATH\"\n\ndone";
		};
/* End PBXShellScriptBuildPhase section */

/* Begin PBXSourcesBuildPhase section */
		9BFE8EE4203476E300EAEADD /* Sources */ = {
			isa = PBXSourcesBuildPhase;
			buildActionMask = 2147483647;
			files = (
				3AF2AFF8205FB96D005FAC9B /* PodcastController.swift in Sources */,
				3AB87DA7210B36FC0058B75B /* TabBarController.swift in Sources */,
				3AF2AFFE205FEF59005FAC9B /* +UIColor.swift in Sources */,
				9BD09F7A20D44F3400EB1BC5 /* ModalController.swift in Sources */,
				3A77DD2F20920F650010964F /* MNAVChapterReader.m in Sources */,
				9B18623720CD8135004E598F /* SearchController+TableView.swift in Sources */,
				9BFE8EEC203476E300EAEADD /* AppDelegate.swift in Sources */,
				3A29A02221695766005456E0 /* ShowNotestController.swift in Sources */,
				3AA17A43203CA77E00C0F4D8 /* Podcast.swift in Sources */,
				9B18623920CD817A004E598F /* SearchController+Search.swift in Sources */,
				3AECB6E621A0BAF800D6D666 /* Episodes.swift in Sources */,
				9B2C10852105F45E008EEAD5 /* MasterController+PlayerControllerDelegate.swift in Sources */,
				3A04604F2067F245003CFA6F /* NotificationCenter.swift in Sources */,
				3AF2AFFA205FBC2A005FAC9B /* PodcastHeaderView.swift in Sources */,
				3ABED389203CB56E0057AE87 /* SearchCell.swift in Sources */,
				9B3299AE2051AC8100088A39 /* SubscriptionsController.swift in Sources */,
				9B963250206971E8008E0D57 /* Theme.swift in Sources */,
				3A7ED4A42066F8BC009823B9 /* PodcastController+TableView.swift in Sources */,
				9BFE8F00203C33E300EAEADD /* SearchController.swift in Sources */,
				3AF2AFF4205DCE1B005FAC9B /* FavoritesCell.swift in Sources */,
				3AF2AFEF205DB4F6005FAC9B /* CoreDataManager.swift in Sources */,
				3A27F1F5208527D800312970 /* SubscriptionChangesDelegate.swift in Sources */,
				3AF2AFED205DA8B2005FAC9B /* Episode.swift in Sources */,
				3A9045B02135BA1100BBAE94 /* String.swift in Sources */,
				9B2C108320FBCFA1008EEAD5 /* ModalPlayer.swift in Sources */,
				3AF2AFF2205DB54E005FAC9B /* PodcastModels.xcdatamodeld in Sources */,
				3A621D09206BA4A400852F2A /* Kaffe.c in Sources */,
				9BFE8F0B203F06CD00EAEADD /* NetworkAPI.swift in Sources */,
				9BDA280A207A917D004300C6 /* SubscriptionsController+CollectionView.swift in Sources */,
				3AC926A32070D91A00C23FE0 /* UIDevice.swift in Sources */,
				3AF2AFFC205FBE2E005FAC9B /* PodcastController+Feed.swift in Sources */,
				9B18623B20CD827C004E598F /* SearchController+SubscriptionChangesDelegate.swift in Sources */,
				3A3C8AC820421D8D004DF47D /* EpisodesCell.swift in Sources */,
				3AF2AFEA205DA3BC005FAC9B /* NetworkResults.swift in Sources */,
				9BD09F7D20D4598100EB1BC5 /* EpisodesCell+Observer.swift in Sources */,
				3A16691B20F8DA0900A72A4E /* MasterController.swift in Sources */,
			);
			runOnlyForDeploymentPostprocessing = 0;
		};
/* End PBXSourcesBuildPhase section */

/* Begin PBXVariantGroup section */
		9BFE8EF4203476E300EAEADD /* LaunchScreen.storyboard */ = {
			isa = PBXVariantGroup;
			children = (
				9BFE8EF5203476E300EAEADD /* Base */,
			);
			name = LaunchScreen.storyboard;
			sourceTree = "<group>";
		};
/* End PBXVariantGroup section */

/* Begin XCBuildConfiguration section */
		9BFE8EF8203476E300EAEADD /* Debug */ = {
			isa = XCBuildConfiguration;
			buildSettings = {
				ALWAYS_SEARCH_USER_PATHS = NO;
				CLANG_ANALYZER_NONNULL = YES;
				CLANG_ANALYZER_NUMBER_OBJECT_CONVERSION = YES_AGGRESSIVE;
				CLANG_CXX_LANGUAGE_STANDARD = "gnu++14";
				CLANG_CXX_LIBRARY = "libc++";
				CLANG_ENABLE_MODULES = YES;
				CLANG_ENABLE_OBJC_ARC = YES;
				CLANG_WARN_BLOCK_CAPTURE_AUTORELEASING = YES;
				CLANG_WARN_BOOL_CONVERSION = YES;
				CLANG_WARN_COMMA = YES;
				CLANG_WARN_CONSTANT_CONVERSION = YES;
				CLANG_WARN_DEPRECATED_OBJC_IMPLEMENTATIONS = YES;
				CLANG_WARN_DIRECT_OBJC_ISA_USAGE = YES_ERROR;
				CLANG_WARN_DOCUMENTATION_COMMENTS = YES;
				CLANG_WARN_EMPTY_BODY = YES;
				CLANG_WARN_ENUM_CONVERSION = YES;
				CLANG_WARN_INFINITE_RECURSION = YES;
				CLANG_WARN_INT_CONVERSION = YES;
				CLANG_WARN_NON_LITERAL_NULL_CONVERSION = YES;
				CLANG_WARN_OBJC_IMPLICIT_RETAIN_SELF = YES;
				CLANG_WARN_OBJC_LITERAL_CONVERSION = YES;
				CLANG_WARN_OBJC_ROOT_CLASS = YES_ERROR;
				CLANG_WARN_RANGE_LOOP_ANALYSIS = YES;
				CLANG_WARN_STRICT_PROTOTYPES = YES;
				CLANG_WARN_SUSPICIOUS_MOVE = YES;
				CLANG_WARN_UNGUARDED_AVAILABILITY = YES_AGGRESSIVE;
				CLANG_WARN_UNREACHABLE_CODE = YES;
				CLANG_WARN__DUPLICATE_METHOD_MATCH = YES;
				CODE_SIGN_IDENTITY = "iPhone Developer";
				COPY_PHASE_STRIP = NO;
				DEBUG_INFORMATION_FORMAT = dwarf;
				ENABLE_STRICT_OBJC_MSGSEND = YES;
				ENABLE_TESTABILITY = YES;
				GCC_C_LANGUAGE_STANDARD = gnu11;
				GCC_DYNAMIC_NO_PIC = NO;
				GCC_NO_COMMON_BLOCKS = YES;
				GCC_OPTIMIZATION_LEVEL = 0;
				GCC_PREPROCESSOR_DEFINITIONS = (
					"DEBUG=1",
					"$(inherited)",
				);
				GCC_WARN_64_TO_32_BIT_CONVERSION = YES;
				GCC_WARN_ABOUT_RETURN_TYPE = YES_ERROR;
				GCC_WARN_UNDECLARED_SELECTOR = YES;
				GCC_WARN_UNINITIALIZED_AUTOS = YES_AGGRESSIVE;
				GCC_WARN_UNUSED_FUNCTION = YES;
				GCC_WARN_UNUSED_VARIABLE = YES;
				IPHONEOS_DEPLOYMENT_TARGET = 11.2;
				MTL_ENABLE_DEBUG_INFO = YES;
				ONLY_ACTIVE_ARCH = YES;
				SDKROOT = iphoneos;
				SWIFT_ACTIVE_COMPILATION_CONDITIONS = DEBUG;
				SWIFT_OPTIMIZATION_LEVEL = "-Onone";
			};
			name = Debug;
		};
		9BFE8EF9203476E300EAEADD /* Release */ = {
			isa = XCBuildConfiguration;
			buildSettings = {
				ALWAYS_SEARCH_USER_PATHS = NO;
				CLANG_ANALYZER_NONNULL = YES;
				CLANG_ANALYZER_NUMBER_OBJECT_CONVERSION = YES_AGGRESSIVE;
				CLANG_CXX_LANGUAGE_STANDARD = "gnu++14";
				CLANG_CXX_LIBRARY = "libc++";
				CLANG_ENABLE_MODULES = YES;
				CLANG_ENABLE_OBJC_ARC = YES;
				CLANG_WARN_BLOCK_CAPTURE_AUTORELEASING = YES;
				CLANG_WARN_BOOL_CONVERSION = YES;
				CLANG_WARN_COMMA = YES;
				CLANG_WARN_CONSTANT_CONVERSION = YES;
				CLANG_WARN_DEPRECATED_OBJC_IMPLEMENTATIONS = YES;
				CLANG_WARN_DIRECT_OBJC_ISA_USAGE = YES_ERROR;
				CLANG_WARN_DOCUMENTATION_COMMENTS = YES;
				CLANG_WARN_EMPTY_BODY = YES;
				CLANG_WARN_ENUM_CONVERSION = YES;
				CLANG_WARN_INFINITE_RECURSION = YES;
				CLANG_WARN_INT_CONVERSION = YES;
				CLANG_WARN_NON_LITERAL_NULL_CONVERSION = YES;
				CLANG_WARN_OBJC_IMPLICIT_RETAIN_SELF = YES;
				CLANG_WARN_OBJC_LITERAL_CONVERSION = YES;
				CLANG_WARN_OBJC_ROOT_CLASS = YES_ERROR;
				CLANG_WARN_RANGE_LOOP_ANALYSIS = YES;
				CLANG_WARN_STRICT_PROTOTYPES = YES;
				CLANG_WARN_SUSPICIOUS_MOVE = YES;
				CLANG_WARN_UNGUARDED_AVAILABILITY = YES_AGGRESSIVE;
				CLANG_WARN_UNREACHABLE_CODE = YES;
				CLANG_WARN__DUPLICATE_METHOD_MATCH = YES;
				CODE_SIGN_IDENTITY = "iPhone Developer";
				COPY_PHASE_STRIP = NO;
				DEBUG_INFORMATION_FORMAT = "dwarf-with-dsym";
				ENABLE_NS_ASSERTIONS = NO;
				ENABLE_STRICT_OBJC_MSGSEND = YES;
				GCC_C_LANGUAGE_STANDARD = gnu11;
				GCC_NO_COMMON_BLOCKS = YES;
				GCC_WARN_64_TO_32_BIT_CONVERSION = YES;
				GCC_WARN_ABOUT_RETURN_TYPE = YES_ERROR;
				GCC_WARN_UNDECLARED_SELECTOR = YES;
				GCC_WARN_UNINITIALIZED_AUTOS = YES_AGGRESSIVE;
				GCC_WARN_UNUSED_FUNCTION = YES;
				GCC_WARN_UNUSED_VARIABLE = YES;
				IPHONEOS_DEPLOYMENT_TARGET = 11.2;
				MTL_ENABLE_DEBUG_INFO = NO;
				SDKROOT = iphoneos;
				SWIFT_OPTIMIZATION_LEVEL = "-Owholemodule";
				VALIDATE_PRODUCT = YES;
			};
			name = Release;
		};
		9BFE8EFB203476E300EAEADD /* Debug */ = {
			isa = XCBuildConfiguration;
			buildSettings = {
				ASSETCATALOG_COMPILER_APPICON_NAME = AppIcon;
				CLANG_ENABLE_MODULES = YES;
				CODE_SIGN_ENTITLEMENTS = Podcast/Podcast.entitlements;
				CODE_SIGN_STYLE = Automatic;
				DEVELOPMENT_TEAM = F3374ZPSHE;
				FRAMEWORK_SEARCH_PATHS = (
					"$(PROJECT_DIR)",
					"$(inherited)",
				);
				INFOPLIST_FILE = Podcast/Info.plist;
				LD_RUNPATH_SEARCH_PATHS = "$(inherited) @executable_path/Frameworks";
				PRODUCT_BUNDLE_IDENTIFIER = no.adrianf.Podcast;
				PRODUCT_NAME = "$(TARGET_NAME)";
				SWIFT_OBJC_BRIDGING_HEADER = "Podcast-Bridging-Header.h";
				SWIFT_OPTIMIZATION_LEVEL = "-Onone";
				SWIFT_VERSION = 4.0;
				TARGETED_DEVICE_FAMILY = 1;
			};
			name = Debug;
		};
		9BFE8EFC203476E300EAEADD /* Release */ = {
			isa = XCBuildConfiguration;
			buildSettings = {
				ASSETCATALOG_COMPILER_APPICON_NAME = AppIcon;
				CLANG_ENABLE_MODULES = YES;
				CODE_SIGN_ENTITLEMENTS = Podcast/Podcast.entitlements;
				CODE_SIGN_STYLE = Automatic;
				DEVELOPMENT_TEAM = F3374ZPSHE;
				FRAMEWORK_SEARCH_PATHS = (
					"$(PROJECT_DIR)",
					"$(inherited)",
				);
				INFOPLIST_FILE = Podcast/Info.plist;
				LD_RUNPATH_SEARCH_PATHS = "$(inherited) @executable_path/Frameworks";
				PRODUCT_BUNDLE_IDENTIFIER = no.adrianf.Podcast;
				PRODUCT_NAME = "$(TARGET_NAME)";
				SWIFT_OBJC_BRIDGING_HEADER = "Podcast-Bridging-Header.h";
				SWIFT_VERSION = 4.0;
				TARGETED_DEVICE_FAMILY = 1;
			};
			name = Release;
		};
/* End XCBuildConfiguration section */

/* Begin XCConfigurationList section */
		9BFE8EE3203476E300EAEADD /* Build configuration list for PBXProject "Podcast" */ = {
			isa = XCConfigurationList;
			buildConfigurations = (
				9BFE8EF8203476E300EAEADD /* Debug */,
				9BFE8EF9203476E300EAEADD /* Release */,
			);
			defaultConfigurationIsVisible = 0;
			defaultConfigurationName = Release;
		};
		9BFE8EFA203476E300EAEADD /* Build configuration list for PBXNativeTarget "Podcast" */ = {
			isa = XCConfigurationList;
			buildConfigurations = (
				9BFE8EFB203476E300EAEADD /* Debug */,
				9BFE8EFC203476E300EAEADD /* Release */,
			);
			defaultConfigurationIsVisible = 0;
			defaultConfigurationName = Release;
		};
/* End XCConfigurationList section */

/* Begin XCVersionGroup section */
		3AF2AFF0205DB54E005FAC9B /* PodcastModels.xcdatamodeld */ = {
			isa = XCVersionGroup;
			children = (
				3AF2AFF1205DB54E005FAC9B /* PodcastModels.xcdatamodel */,
			);
			currentVersion = 3AF2AFF1205DB54E005FAC9B /* PodcastModels.xcdatamodel */;
			path = PodcastModels.xcdatamodeld;
			sourceTree = "<group>";
			versionGroupType = wrapper.xcdatamodel;
		};
/* End XCVersionGroup section */
	};
	rootObject = 9BFE8EE0203476E300EAEADD /* Project object */;
}
